
Microsoft Visual Studio Solution File, Format Version 12.00
# Visual Studio Version 17
VisualStudioVersion = 17.2.32616.157
MinimumVisualStudioVersion = 10.0.40219.1
Project("{FAE04EC0-301F-11D3-BF4B-00C04F79EFBC}") = "baitap_mang", "baitapmang\baitap_mang.csproj", "{3EEA101B-270F-4057-B7D8-B01912BD9AB8}"
EndProject
Project("{FAE04EC0-301F-11D3-BF4B-00C04F79EFBC}") = "cautruc_struct", "cautruc_struct.cs\cautruc_struct.csproj", "{728C78D3-C178-4BD4-842F-2CC27D9CDF19}"
EndProject
Global
	GlobalSection(SolutionConfigurationPlatforms) = preSolution
		Debug|Any CPU = Debug|Any CPU
		Release|Any CPU = Release|Any CPU
	EndGlobalSection
	GlobalSection(ProjectConfigurationPlatforms) = postSolution
		{3EEA101B-270F-4057-B7D8-B01912BD9AB8}.Debug|Any CPU.ActiveCfg = Debug|Any CPU
		{3EEA101B-270F-4057-B7D8-B01912BD9AB8}.Debug|Any CPU.Build.0 = Debug|Any CPU
		{3EEA101B-270F-4057-B7D8-B01912BD9AB8}.Release|Any CPU.ActiveCfg = Release|Any CPU
		{3EEA101B-270F-4057-B7D8-B01912BD9AB8}.Release|Any CPU.Build.0 = Release|Any CPU
		{728C78D3-C178-4BD4-842F-2CC27D9CDF19}.Debug|Any CPU.ActiveCfg = Debug|Any CPU
		{728C78D3-C178-4BD4-842F-2CC27D9CDF19}.Debug|Any CPU.Build.0 = Debug|Any CPU
		{728C78D3-C178-4BD4-842F-2CC27D9CDF19}.Release|Any CPU.ActiveCfg = Release|Any CPU
		{728C78D3-C178-4BD4-842F-2CC27D9CDF19}.Release|Any CPU.Build.0 = Release|Any CPU
	EndGlobalSection
	GlobalSection(SolutionProperties) = preSolution
		HideSolutionNode = FALSE
	EndGlobalSection
	GlobalSection(ExtensibilityGlobals) = postSolution
		SolutionGuid = {A75561B6-EB04-4AE7-A281-9930247CB898}
	EndGlobalSection
EndGlobal
